// !$*UTF8*$!
{
	archiveVersion = 1;
	classes = {
	};
	objectVersion = 46;
	objects = {

/* Begin PBXBuildFile section */
		3A88C1901AC84EBD00D9B548 /* main.m in Sources */ = {isa = PBXBuildFile; fileRef = 3A88C18F1AC84EBD00D9B548 /* main.m */; };
		3A88C1931AC84EBD00D9B548 /* AppDelegate.m in Sources */ = {isa = PBXBuildFile; fileRef = 3A88C1921AC84EBD00D9B548 /* AppDelegate.m */; };
		3A88C1951AC84EBD00D9B548 /* Images.xcassets in Resources */ = {isa = PBXBuildFile; fileRef = 3A88C1941AC84EBD00D9B548 /* Images.xcassets */; };
		3A88C1981AC84EBD00D9B548 /* LaunchScreen.xib in Resources */ = {isa = PBXBuildFile; fileRef = 3A88C1961AC84EBD00D9B548 /* LaunchScreen.xib */; };
		3A88C1A41AC84EBD00D9B548 /* practicaTests.m in Sources */ = {isa = PBXBuildFile; fileRef = 3A88C1A31AC84EBD00D9B548 /* practicaTests.m */; };
/* End PBXBuildFile section */

/* Begin PBXContainerItemProxy section */
		3A88C19E1AC84EBD00D9B548 /* PBXContainerItemProxy */ = {
			isa = PBXContainerItemProxy;
			containerPortal = 3A88C1821AC84EBD00D9B548 /* Project object */;
			proxyType = 1;
			remoteGlobalIDString = 3A88C1891AC84EBD00D9B548;
			remoteInfo = practica;
		};
/* End PBXContainerItemProxy section */

/* Begin PBXFileReference section */
		3A88C18A1AC84EBD00D9B548 /* practica.app */ = {isa = PBXFileReference; explicitFileType = wrapper.application; includeInIndex = 0; path = practica.app; sourceTree = BUILT_PRODUCTS_DIR; };
		3A88C18E1AC84EBD00D9B548 /* Info.plist */ = {isa = PBXFileReference; lastKnownFileType = text.plist.xml; path = Info.plist; sourceTree = "<group>"; };
		3A88C18F1AC84EBD00D9B548 /* main.m */ = {isa = PBXFileReference; lastKnownFileType = sourcecode.c.objc; path = main.m; sourceTree = "<group>"; };
		3A88C1911AC84EBD00D9B548 /* AppDelegate.h */ = {isa = PBXFileReference; lastKnownFileType = sourcecode.c.h; path = AppDelegate.h; sourceTree = "<group>"; };
		3A88C1921AC84EBD00D9B548 /* AppDelegate.m */ = {isa = PBXFileReference; lastKnownFileType = sourcecode.c.objc; path = AppDelegate.m; sourceTree = "<group>"; };
		3A88C1941AC84EBD00D9B548 /* Images.xcassets */ = {isa = PBXFileReference; lastKnownFileType = folder.assetcatalog; path = Images.xcassets; sourceTree = "<group>"; };
		3A88C1971AC84EBD00D9B548 /* Base */ = {isa = PBXFileReference; lastKnownFileType = file.xib; name = Base; path = Base.lproj/LaunchScreen.xib; sourceTree = "<group>"; };
		3A88C19D1AC84EBD00D9B548 /* practicaTests.xctest */ = {isa = PBXFileReference; explicitFileType = wrapper.cfbundle; includeInIndex = 0; path = practicaTests.xctest; sourceTree = BUILT_PRODUCTS_DIR; };
		3A88C1A21AC84EBD00D9B548 /* Info.plist */ = {isa = PBXFileReference; lastKnownFileType = text.plist.xml; path = Info.plist; sourceTree = "<group>"; };
		3A88C1A31AC84EBD00D9B548 /* practicaTests.m */ = {isa = PBXFileReference; lastKnownFileType = sourcecode.c.objc; path = practicaTests.m; sourceTree = "<group>"; };
/* End PBXFileReference section */

/* Begin PBXFrameworksBuildPhase section */
		3A88C1871AC84EBD00D9B548 /* Frameworks */ = {
			isa = PBXFrameworksBuildPhase;
			buildActionMask = 2147483647;
			files = (
			);
			runOnlyForDeploymentPostprocessing = 0;
		};
		3A88C19A1AC84EBD00D9B548 /* Frameworks */ = {
			isa = PBXFrameworksBuildPhase;
			buildActionMask = 2147483647;
			files = (
			);
			runOnlyForDeploymentPostprocessing = 0;
		};
/* End PBXFrameworksBuildPhase section */

/* Begin PBXGroup section */
		3A88C1811AC84EBD00D9B548 = {
			isa = PBXGroup;
			children = (
				3A88C18C1AC84EBD00D9B548 /* practica */,
				3A88C1A01AC84EBD00D9B548 /* practicaTests */,
				3A88C18B1AC84EBD00D9B548 /* Products */,
			);
			sourceTree = "<group>";
		};
		3A88C18B1AC84EBD00D9B548 /* Products */ = {
			isa = PBXGroup;
			children = (
				3A88C18A1AC84EBD00D9B548 /* practica.app */,
				3A88C19D1AC84EBD00D9B548 /* practicaTests.xctest */,
			);
			name = Products;
			sourceTree = "<group>";
		};
		3A88C18C1AC84EBD00D9B548 /* practica */ = {
			isa = PBXGroup;
			children = (
				3A88C1911AC84EBD00D9B548 /* AppDelegate.h */,
				3A88C1921AC84EBD00D9B548 /* AppDelegate.m */,
				3A88C1941AC84EBD00D9B548 /* Images.xcassets */,
				3A88C1961AC84EBD00D9B548 /* LaunchScreen.xib */,
				3A88C18D1AC84EBD00D9B548 /* Supporting Files */,
			);
			path = practica;
			sourceTree = "<group>";
		};
		3A88C18D1AC84EBD00D9B548 /* Supporting Files */ = {
			isa = PBXGroup;
			children = (
				3A88C18E1AC84EBD00D9B548 /* Info.plist */,
				3A88C18F1AC84EBD00D9B548 /* main.m */,
			);
			name = "Supporting Files";
			sourceTree = "<group>";
		};
		3A88C1A01AC84EBD00D9B548 /* practicaTests */ = {
			isa = PBXGroup;
			children = (
				3A88C1A31AC84EBD00D9B548 /* practicaTests.m */,
				3A88C1A11AC84EBD00D9B548 /* Supporting Files */,
			);
			path = practicaTests;
			sourceTree = "<group>";
		};
		3A88C1A11AC84EBD00D9B548 /* Supporting Files */ = {
			isa = PBXGroup;
			children = (
				3A88C1A21AC84EBD00D9B548 /* Info.plist */,
			);
			name = "Supporting Files";
			sourceTree = "<group>";
		};
/* End PBXGroup section */

/* Begin PBXNativeTarget section */
		3A88C1891AC84EBD00D9B548 /* practica */ = {
			isa = PBXNativeTarget;
			buildConfigurationList = 3A88C1A71AC84EBD00D9B548 /* Build configuration list for PBXNativeTarget "practica" */;
			buildPhases = (
				3A88C1861AC84EBD00D9B548 /* Sources */,
				3A88C1871AC84EBD00D9B548 /* Frameworks */,
				3A88C1881AC84EBD00D9B548 /* Resources */,
			);
			buildRules = (
			);
			dependencies = (
			);
			name = practica;
			productName = practica;
			productReference = 3A88C18A1AC84EBD00D9B548 /* practica.app */;
			productType = "com.apple.product-type.application";
		};
		3A88C19C1AC84EBD00D9B548 /* practicaTests */ = {
			isa = PBXNativeTarget;
			buildConfigurationList = 3A88C1AA1AC84EBD00D9B548 /* Build configuration list for PBXNativeTarget "practicaTests" */;
			buildPhases = (
				3A88C1991AC84EBD00D9B548 /* Sources */,
				3A88C19A1AC84EBD00D9B548 /* Frameworks */,
				3A88C19B1AC84EBD00D9B548 /* Resources */,
			);
			buildRules = (
			);
			dependencies = (
				3A88C19F1AC84EBD00D9B548 /* PBXTargetDependency */,
			);
			name = practicaTests;
			productName = practicaTests;
			productReference = 3A88C19D1AC84EBD00D9B548 /* practicaTests.xctest */;
			productType = "com.apple.product-type.bundle.unit-test";
		};
/* End PBXNativeTarget section */

/* Begin PBXProject section */
		3A88C1821AC84EBD00D9B548 /* Project object */ = {
			isa = PBXProject;
			attributes = {
				LastUpgradeCheck = 0610;
				ORGANIZATIONNAME = "Jose Manuel Franco";
				TargetAttributes = {
					3A88C1891AC84EBD00D9B548 = {
						CreatedOnToolsVersion = 6.1.1;
					};
					3A88C19C1AC84EBD00D9B548 = {
						CreatedOnToolsVersion = 6.1.1;
						TestTargetID = 3A88C1891AC84EBD00D9B548;
					};
				};
			};
			buildConfigurationList = 3A88C1851AC84EBD00D9B548 /* Build configuration list for PBXProject "practica" */;
			compatibilityVersion = "Xcode 3.2";
			developmentRegion = English;
			hasScannedForEncodings = 0;
			knownRegions = (
				en,
				Base,
			);
			mainGroup = 3A88C1811AC84EBD00D9B548;
			productRefGroup = 3A88C18B1AC84EBD00D9B548 /* Products */;
			projectDirPath = "";
			projectRoot = "";
			targets = (
				3A88C1891AC84EBD00D9B548 /* practica */,
				3A88C19C1AC84EBD00D9B548 /* practicaTests */,
			);
		};
/* End PBXProject section */

/* Begin PBXResourcesBuildPhase section */
		3A88C1881AC84EBD00D9B548 /* Resources */ = {
			isa = PBXResourcesBuildPhase;
			buildActionMask = 2147483647;
			files = (
				3A88C1981AC84EBD00D9B548 /* LaunchScreen.xib in Resources */,
				3A88C1951AC84EBD00D9B548 /* Images.xcassets in Resources */,
			);
			runOnlyForDeploymentPostprocessing = 0;
		};
		3A88C19B1AC84EBD00D9B548 /* Resources */ = {
			isa = PBXResourcesBuildPhase;
			buildActionMask = 2147483647;
			files = (
			);
			runOnlyForDeploymentPostprocessing = 0;
		};
/* End PBXResourcesBuildPhase section */

/* Begin PBXSourcesBuildPhase section */
		3A88C1861AC84EBD00D9B548 /* Sources */ = {
			isa = PBXSourcesBuildPhase;
			buildActionMask = 2147483647;
			files = (
				3A88C1931AC84EBD00D9B548 /* AppDelegate.m in Sources */,
				3A88C1901AC84EBD00D9B548 /* main.m in Sources */,
			);
			runOnlyForDeploymentPostprocessing = 0;
		};
		3A88C1991AC84EBD00D9B548 /* Sources */ = {
			isa = PBXSourcesBuildPhase;
			buildActionMask = 2147483647;
			files = (
				3A88C1A41AC84EBD00D9B548 /* practicaTests.m in Sources */,
			);
			runOnlyForDeploymentPostprocessing = 0;
		};
/* End PBXSourcesBuildPhase section */

/* Begin PBXTargetDependency section */
		3A88C19F1AC84EBD00D9B548 /* PBXTargetDependency */ = {
			isa = PBXTargetDependency;
			target = 3A88C1891AC84EBD00D9B548 /* practica */;
			targetProxy = 3A88C19E1AC84EBD00D9B548 /* PBXContainerItemProxy */;
		};
/* End PBXTargetDependency section */

/* Begin PBXVariantGroup section */
		3A88C1961AC84EBD00D9B548 /* LaunchScreen.xib */ = {
			isa = PBXVariantGroup;
			children = (
				3A88C1971AC84EBD00D9B548 /* Base */,
			);
			name = LaunchScreen.xib;
			sourceTree = "<group>";
		};
/* End PBXVariantGroup section */

/* Begin XCBuildConfiguration section */
		3A88C1A51AC84EBD00D9B548 /* Debug */ = {
			isa = XCBuildConfiguration;
			buildSettings = {
				ALWAYS_SEARCH_USER_PATHS = NO;
				CLANG_CXX_LANGUAGE_STANDARD = "gnu++0x";
				CLANG_CXX_LIBRARY = "libc++";
				CLANG_ENABLE_MODULES = YES;
				CLANG_ENABLE_OBJC_ARC = YES;
				CLANG_WARN_BOOL_CONVERSION = YES;
				CLANG_WARN_CONSTANT_CONVERSION = YES;
				CLANG_WARN_DIRECT_OBJC_ISA_USAGE = YES_ERROR;
				CLANG_WARN_EMPTY_BODY = YES;
				CLANG_WARN_ENUM_CONVERSION = YES;
				CLANG_WARN_INT_CONVERSION = YES;
				CLANG_WARN_OBJC_ROOT_CLASS = YES_ERROR;
				CLANG_WARN_UNREACHABLE_CODE = YES;
				CLANG_WARN__DUPLICATE_METHOD_MATCH = YES;
				"CODE_SIGN_IDENTITY[sdk=iphoneos*]" = "iPhone Developer";
				COPY_PHASE_STRIP = NO;
				ENABLE_STRICT_OBJC_MSGSEND = YES;
				GCC_C_LANGUAGE_STANDARD = gnu99;
				GCC_DYNAMIC_NO_PIC = NO;
				GCC_OPTIMIZATION_LEVEL = 0;
				GCC_PREPROCESSOR_DEFINITIONS = (
					"DEBUG=1",
					"$(inherited)",
				);
				GCC_SYMBOLS_PRIVATE_EXTERN = NO;
				GCC_WARN_64_TO_32_BIT_CONVERSION = YES;
				GCC_WARN_ABOUT_RETURN_TYPE = YES_ERROR;
				GCC_WARN_UNDECLARED_SELECTOR = YES;
				GCC_WARN_UNINITIALIZED_AUTOS = YES_AGGRESSIVE;
				GCC_WARN_UNUSED_FUNCTION = YES;
				GCC_WARN_UNUSED_VARIABLE = YES;
				IPHONEOS_DEPLOYMENT_TARGET = 8.1;
				MTL_ENABLE_DEBUG_INFO = YES;
				ONLY_ACTIVE_ARCH = YES;
				SDKROOT = iphoneos;
				TARGETED_DEVICE_FAMILY = 2;
			};
			name = Debug;
		};
		3A88C1A61AC84EBD00D9B548 /* Release */ = {
			isa = XCBuildConfiguration;
			buildSettings = {
				ALWAYS_SEARCH_USER_PATHS = NO;
				CLANG_CXX_LANGUAGE_STANDARD = "gnu++0x";
				CLANG_CXX_LIBRARY = "libc++";
				CLANG_ENABLE_MODULES = YES;
				CLANG_ENABLE_OBJC_ARC = YES;
				CLANG_WARN_BOOL_CONVERSION = YES;
				CLANG_WARN_CONSTANT_CONVERSION = YES;
				CLANG_WARN_DIRECT_OBJC_ISA_USAGE = YES_ERROR;
				CLANG_WARN_EMPTY_BODY = YES;
				CLANG_WARN_ENUM_CONVERSION = YES;
				CLANG_WARN_INT_CONVERSION = YES;
				CLANG_WARN_OBJC_ROOT_CLASS = YES_ERROR;
				CLANG_WARN_UNREACHABLE_CODE = YES;
				CLANG_WARN__DUPLICATE_METHOD_MATCH = YES;
				"CODE_SIGN_IDENTITY[sdk=iphoneos*]" = "iPhone Developer";
				COPY_PHASE_STRIP = YES;
				ENABLE_NS_ASSERTIONS = NO;
				ENABLE_STRICT_OBJC_MSGSEND = YES;
				GCC_C_LANGUAGE_STANDARD = gnu99;
				GCC_WARN_64_TO_32_BIT_CONVERSION = YES;
				GCC_WARN_ABOUT_RETURN_TYPE = YES_ERROR;
				GCC_WARN_UNDECLARED_SELECTOR = YES;
				GCC_WARN_UNINITIALIZED_AUTOS = YES_AGGRESSIVE;
				GCC_WARN_UNUSED_FUNCTION = YES;
				GCC_WARN_UNUSED_VARIABLE = YES;
				IPHONEOS_DEPLOYMENT_TARGET = 8.1;
				MTL_ENABLE_DEBUG_INFO = NO;
				SDKROOT = iphoneos;
				TARGETED_DEVICE_FAMILY = 2;
				VALIDATE_PRODUCT = YES;
			};
			name = Release;
		};
		3A88C1A81AC84EBD00D9B548 /* Debug */ = {
			isa = XCBuildConfiguration;
			buildSettings = {
				ASSETCATALOG_COMPILER_APPICON_NAME = AppIcon;
				INFOPLIST_FILE = practica/Info.plist;
				LD_RUNPATH_SEARCH_PATHS = "$(inherited) @executable_path/Frameworks";
				PRODUCT_NAME = "$(TARGET_NAME)";
			};
			name = Debug;
		};
		3A88C1A91AC84EBD00D9B548 /* Release */ = {
			isa = XCBuildConfiguration;
			buildSettings = {
				ASSETCATALOG_COMPILER_APPICON_NAME = AppIcon;
				INFOPLIST_FILE = practica/Info.plist;
				LD_RUNPATH_SEARCH_PATHS = "$(inherited) @executable_path/Frameworks";
				PRODUCT_NAME = "$(TARGET_NAME)";
			};
			name = Release;
		};
		3A88C1AB1AC84EBD00D9B548 /* Debug */ = {
			isa = XCBuildConfiguration;
			buildSettings = {
				BUNDLE_LOADER = "$(TEST_HOST)";
				FRAMEWORK_SEARCH_PATHS = (
					"$(SDKROOT)/Developer/Library/Frameworks",
					"$(inherited)",
				);
				GCC_PREPROCESSOR_DEFINITIONS = (
					"DEBUG=1",
					"$(inherited)",
				);
				INFOPLIST_FILE = practicaTests/Info.plist;
				LD_RUNPATH_SEARCH_PATHS = "$(inherited) @executable_path/Frameworks @loader_path/Frameworks";
				PRODUCT_NAME = "$(TARGET_NAME)";
				TEST_HOST = "$(BUILT_PRODUCTS_DIR)/practica.app/practica";
			};
			name = Debug;
		};
		3A88C1AC1AC84EBD00D9B548 /* Release */ = {
			isa = XCBuildConfiguration;
			buildSettings = {
				BUNDLE_LOADER = "$(TEST_HOST)";
				FRAMEWORK_SEARCH_PATHS = (
					"$(SDKROOT)/Developer/Library/Frameworks",
					"$(inherited)",
				);
				INFOPLIST_FILE = practicaTests/Info.plist;
				LD_RUNPATH_SEARCH_PATHS = "$(inherited) @executable_path/Frameworks @loader_path/Frameworks";
				PRODUCT_NAME = "$(TARGET_NAME)";
				TEST_HOST = "$(BUILT_PRODUCTS_DIR)/practica.app/practica";
			};
			name = Release;
		};
/* End XCBuildConfiguration section */

/* Begin XCConfigurationList section */
		3A88C1851AC84EBD00D9B548 /* Build configuration list for PBXProject "practica" */ = {
			isa = XCConfigurationList;
			buildConfigurations = (
				3A88C1A51AC84EBD00D9B548 /* Debug */,
				3A88C1A61AC84EBD00D9B548 /* Release */,
			);
			defaultConfigurationIsVisible = 0;
			defaultConfigurationName = Release;
		};
		3A88C1A71AC84EBD00D9B548 /* Build configuration list for PBXNativeTarget "practica" */ = {
			isa = XCConfigurationList;
			buildConfigurations = (
				3A88C1A81AC84EBD00D9B548 /* Debug */,
				3A88C1A91AC84EBD00D9B548 /* Release */,
			);
			defaultConfigurationIsVisible = 0;
		};
		3A88C1AA1AC84EBD00D9B548 /* Build configuration list for PBXNativeTarget "practicaTests" */ = {
			isa = XCConfigurationList;
			buildConfigurations = (
				3A88C1AB1AC84EBD00D9B548 /* Debug */,
				3A88C1AC1AC84EBD00D9B548 /* Release */,
			);
			defaultConfigurationIsVisible = 0;
		};
/* End XCConfigurationList section */
	};
	rootObject = 3A88C1821AC84EBD00D9B548 /* Project object */;
}
